
Microsoft Visual Studio Solution File, Format Version 12.00
# Visual Studio 14
VisualStudioVersion = 14.0.24720.0
MinimumVisualStudioVersion = 10.0.40219.1
Project("{FAE04EC0-301F-11D3-BF4B-00C04F79EFBC}") = "Beaker.Desktop.Windows", "Beaker.Desktop.Windows\Beaker.Desktop.Windows.csproj", "{4302A823-F6E4-403D-8E82-CC294108CD54}"
EndProject
Project("{FAE04EC0-301F-11D3-BF4B-00C04F79EFBC}") = "Beaker.Core", "..\Beaker.Core\Beaker.Core\Beaker.Core.csproj", "{065FF225-B832-4A42-9C0D-2DF7CAE4FEF6}"
EndProject
Project("{FAE04EC0-301F-11D3-BF4B-00C04F79EFBC}") = "Beaker.Core.Test", "..\Beaker.Core.Test\Beaker.Core.Test\Beaker.Core.Test.csproj", "{A8471435-A352-483E-AF5C-CFBB5B261A4B}"
EndProject
Project("{FAE04EC0-301F-11D3-BF4B-00C04F79EFBC}") = "Beaker.Repository", "..\Beaker.Repository\Beaker.Repository.csproj", "{F4BEB033-A085-4E5D-B5BC-BB21F57E3BB6}"
EndProject
Project("{FAE04EC0-301F-11D3-BF4B-00C04F79EFBC}") = "Beaker.Repository.Entity", "..\Beaker.Repository.Entity\Beaker.Repository.Entity.csproj", "{100179E3-3872-4D9E-95E8-CA71D32AA808}"
EndProject
Project("{FAE04EC0-301F-11D3-BF4B-00C04F79EFBC}") = "Beaker.Repository.SQLite", "..\Beaker.Repository.SQLite\Beaker.Repository.SQLite.csproj", "{7E20A621-AF82-42B6-BB03-B3E3F029969B}"
EndProject
Project("{FAE04EC0-301F-11D3-BF4B-00C04F79EFBC}") = "Beaker.Repository.Test", "..\Beaker.Repository.Test\Beaker.Repository.Test.csproj", "{F9DA2F44-5525-4F75-AE4B-69E3919782AF}"
EndProject
Project("{FAE04EC0-301F-11D3-BF4B-00C04F79EFBC}") = "Beaker.Update.Medication", "..\Beaker.Update.Medication\Beaker.Update.Medication.csproj", "{DFFB1CB6-4D70-49FA-B06D-42D3BD0B7AF8}"
EndProject
Project("{FAE04EC0-301F-11D3-BF4B-00C04F79EFBC}") = "Beaker.Update.Medication.Test", "..\Beaker.Update.Medication.Test\Beaker.Update.Medication.Test.csproj", "{9D71FA6C-76EB-40CD-82A1-25415CE6CBF7}"
EndProject
Project("{FAE04EC0-301F-11D3-BF4B-00C04F79EFBC}") = "Beaker.Services", "..\Beaker.Services\Beaker.Services.csproj", "{8D31752E-11B5-40D3-B9D7-74F963131391}"
EndProject
Project("{FAE04EC0-301F-11D3-BF4B-00C04F79EFBC}") = "Beaker.Authorize", "..\Beaker.Authorize\Beaker.Authorize.csproj", "{7FA31657-7D0E-4924-BE6B-61F3743D6116}"
EndProject
Project("{FAE04EC0-301F-11D3-BF4B-00C04F79EFBC}") = "Beaker.Authorize.Test", "..\Beaker.Authorize.Test\Beaker.Authorize.Test.csproj", "{0A06EE55-328F-49C4-A99F-609754A40998}"
EndProject
Project("{FAE04EC0-301F-11D3-BF4B-00C04F79EFBC}") = "Beaker.Initialization", "..\Beaker.Initialization\Beaker.Initialization.csproj", "{D80784DE-A653-4C28-8A99-997D158F2B4D}"
EndProject
Project("{FAE04EC0-301F-11D3-BF4B-00C04F79EFBC}") = "Beaker.Services.Test", "..\Beaker.Services.Test\Beaker.Services.Test.csproj", "{C14558AD-9D69-4D05-8B51-2270D5E3F75E}"
EndProject
Project("{FAE04EC0-301F-11D3-BF4B-00C04F79EFBC}") = "Beaker.Initialization.Test", "..\Beaker.Initialization.Test\Beaker.Initialization.Test.csproj", "{BF8B892B-7CDF-4AE5-AB93-23912593B76E}"
EndProject
Project("{FAE04EC0-301F-11D3-BF4B-00C04F79EFBC}") = "Beaker.Repository.SQLite.Test", "..\Beaker.Repository.SQLite.Test\Beaker.Repository.SQLite.Test.csproj", "{B02A88B4-A488-436B-A9E3-45C5AF0AEA45}"
EndProject
Project("{FAE04EC0-301F-11D3-BF4B-00C04F79EFBC}") = "Beaker.Plugins", "..\Beaker.Plugins\Beaker.Plugins.csproj", "{DA61317C-5209-43CF-A70F-F41256A17D5E}"
EndProject
Project("{FAE04EC0-301F-11D3-BF4B-00C04F79EFBC}") = "Beaker.Plugins.Test", "..\Beaker.Plugins.Test\Beaker.Plugins.Test.csproj", "{2B54BC5C-B0DF-41E9-90B4-F12F25866D6D}"
EndProject
Project("{FAE04EC0-301F-11D3-BF4B-00C04F79EFBC}") = "Beaker.Plugins.Repository.SQLite", "..\Beaker.Plugins.Repository.SQLite\Beaker.Plugins.Repository.SQLite.csproj", "{72EADF27-1281-4754-81FE-D0249558C754}"
EndProject
Global
	GlobalSection(SolutionConfigurationPlatforms) = preSolution
		Debug|Any CPU = Debug|Any CPU
		Debug|ARM = Debug|ARM
		Debug|x64 = Debug|x64
		Debug|x86 = Debug|x86
		Release|Any CPU = Release|Any CPU
		Release|ARM = Release|ARM
		Release|x64 = Release|x64
		Release|x86 = Release|x86
	EndGlobalSection
	GlobalSection(ProjectConfigurationPlatforms) = postSolution
		{4302A823-F6E4-403D-8E82-CC294108CD54}.Debug|Any CPU.ActiveCfg = Debug|x86
		{4302A823-F6E4-403D-8E82-CC294108CD54}.Debug|ARM.ActiveCfg = Debug|ARM
		{4302A823-F6E4-403D-8E82-CC294108CD54}.Debug|ARM.Build.0 = Debug|ARM
		{4302A823-F6E4-403D-8E82-CC294108CD54}.Debug|ARM.Deploy.0 = Debug|ARM
		{4302A823-F6E4-403D-8E82-CC294108CD54}.Debug|x64.ActiveCfg = Debug|x64
		{4302A823-F6E4-403D-8E82-CC294108CD54}.Debug|x64.Build.0 = Debug|x64
		{4302A823-F6E4-403D-8E82-CC294108CD54}.Debug|x64.Deploy.0 = Debug|x64
		{4302A823-F6E4-403D-8E82-CC294108CD54}.Debug|x86.ActiveCfg = Debug|x86
		{4302A823-F6E4-403D-8E82-CC294108CD54}.Debug|x86.Build.0 = Debug|x86
		{4302A823-F6E4-403D-8E82-CC294108CD54}.Debug|x86.Deploy.0 = Debug|x86
		{4302A823-F6E4-403D-8E82-CC294108CD54}.Release|Any CPU.ActiveCfg = Release|x86
		{4302A823-F6E4-403D-8E82-CC294108CD54}.Release|ARM.ActiveCfg = Release|ARM
		{4302A823-F6E4-403D-8E82-CC294108CD54}.Release|ARM.Build.0 = Release|ARM
		{4302A823-F6E4-403D-8E82-CC294108CD54}.Release|ARM.Deploy.0 = Release|ARM
		{4302A823-F6E4-403D-8E82-CC294108CD54}.Release|x64.ActiveCfg = Release|x64
		{4302A823-F6E4-403D-8E82-CC294108CD54}.Release|x64.Build.0 = Release|x64
		{4302A823-F6E4-403D-8E82-CC294108CD54}.Release|x64.Deploy.0 = Release|x64
		{4302A823-F6E4-403D-8E82-CC294108CD54}.Release|x86.ActiveCfg = Release|x86
		{4302A823-F6E4-403D-8E82-CC294108CD54}.Release|x86.Build.0 = Release|x86
		{4302A823-F6E4-403D-8E82-CC294108CD54}.Release|x86.Deploy.0 = Release|x86
		{065FF225-B832-4A42-9C0D-2DF7CAE4FEF6}.Debug|Any CPU.ActiveCfg = Debug|Any CPU
		{065FF225-B832-4A42-9C0D-2DF7CAE4FEF6}.Debug|Any CPU.Build.0 = Debug|Any CPU
		{065FF225-B832-4A42-9C0D-2DF7CAE4FEF6}.Debug|ARM.ActiveCfg = Debug|Any CPU
		{065FF225-B832-4A42-9C0D-2DF7CAE4FEF6}.Debug|ARM.Build.0 = Debug|Any CPU
		{065FF225-B832-4A42-9C0D-2DF7CAE4FEF6}.Debug|x64.ActiveCfg = Debug|Any CPU
		{065FF225-B832-4A42-9C0D-2DF7CAE4FEF6}.Debug|x64.Build.0 = Debug|Any CPU
		{065FF225-B832-4A42-9C0D-2DF7CAE4FEF6}.Debug|x86.ActiveCfg = Debug|Any CPU
		{065FF225-B832-4A42-9C0D-2DF7CAE4FEF6}.Debug|x86.Build.0 = Debug|Any CPU
		{065FF225-B832-4A42-9C0D-2DF7CAE4FEF6}.Release|Any CPU.ActiveCfg = Release|Any CPU
		{065FF225-B832-4A42-9C0D-2DF7CAE4FEF6}.Release|Any CPU.Build.0 = Release|Any CPU
		{065FF225-B832-4A42-9C0D-2DF7CAE4FEF6}.Release|ARM.ActiveCfg = Release|Any CPU
		{065FF225-B832-4A42-9C0D-2DF7CAE4FEF6}.Release|ARM.Build.0 = Release|Any CPU
		{065FF225-B832-4A42-9C0D-2DF7CAE4FEF6}.Release|x64.ActiveCfg = Release|Any CPU
		{065FF225-B832-4A42-9C0D-2DF7CAE4FEF6}.Release|x64.Build.0 = Release|Any CPU
		{065FF225-B832-4A42-9C0D-2DF7CAE4FEF6}.Release|x86.ActiveCfg = Release|Any CPU
		{065FF225-B832-4A42-9C0D-2DF7CAE4FEF6}.Release|x86.Build.0 = Release|Any CPU
		{A8471435-A352-483E-AF5C-CFBB5B261A4B}.Debug|Any CPU.ActiveCfg = Debug|Any CPU
		{A8471435-A352-483E-AF5C-CFBB5B261A4B}.Debug|Any CPU.Build.0 = Debug|Any CPU
		{A8471435-A352-483E-AF5C-CFBB5B261A4B}.Debug|ARM.ActiveCfg = Debug|Any CPU
		{A8471435-A352-483E-AF5C-CFBB5B261A4B}.Debug|ARM.Build.0 = Debug|Any CPU
		{A8471435-A352-483E-AF5C-CFBB5B261A4B}.Debug|x64.ActiveCfg = Debug|Any CPU
		{A8471435-A352-483E-AF5C-CFBB5B261A4B}.Debug|x64.Build.0 = Debug|Any CPU
		{A8471435-A352-483E-AF5C-CFBB5B261A4B}.Debug|x86.ActiveCfg = Debug|Any CPU
		{A8471435-A352-483E-AF5C-CFBB5B261A4B}.Debug|x86.Build.0 = Debug|Any CPU
		{A8471435-A352-483E-AF5C-CFBB5B261A4B}.Release|Any CPU.ActiveCfg = Release|Any CPU
		{A8471435-A352-483E-AF5C-CFBB5B261A4B}.Release|Any CPU.Build.0 = Release|Any CPU
		{A8471435-A352-483E-AF5C-CFBB5B261A4B}.Release|ARM.ActiveCfg = Release|Any CPU
		{A8471435-A352-483E-AF5C-CFBB5B261A4B}.Release|ARM.Build.0 = Release|Any CPU
		{A8471435-A352-483E-AF5C-CFBB5B261A4B}.Release|x64.ActiveCfg = Release|Any CPU
		{A8471435-A352-483E-AF5C-CFBB5B261A4B}.Release|x64.Build.0 = Release|Any CPU
		{A8471435-A352-483E-AF5C-CFBB5B261A4B}.Release|x86.ActiveCfg = Release|Any CPU
		{A8471435-A352-483E-AF5C-CFBB5B261A4B}.Release|x86.Build.0 = Release|Any CPU
		{F4BEB033-A085-4E5D-B5BC-BB21F57E3BB6}.Debug|Any CPU.ActiveCfg = Debug|Any CPU
		{F4BEB033-A085-4E5D-B5BC-BB21F57E3BB6}.Debug|Any CPU.Build.0 = Debug|Any CPU
		{F4BEB033-A085-4E5D-B5BC-BB21F57E3BB6}.Debug|ARM.ActiveCfg = Debug|Any CPU
		{F4BEB033-A085-4E5D-B5BC-BB21F57E3BB6}.Debug|ARM.Build.0 = Debug|Any CPU
		{F4BEB033-A085-4E5D-B5BC-BB21F57E3BB6}.Debug|x64.ActiveCfg = Debug|Any CPU
		{F4BEB033-A085-4E5D-B5BC-BB21F57E3BB6}.Debug|x64.Build.0 = Debug|Any CPU
		{F4BEB033-A085-4E5D-B5BC-BB21F57E3BB6}.Debug|x86.ActiveCfg = Debug|Any CPU
		{F4BEB033-A085-4E5D-B5BC-BB21F57E3BB6}.Debug|x86.Build.0 = Debug|Any CPU
		{F4BEB033-A085-4E5D-B5BC-BB21F57E3BB6}.Release|Any CPU.ActiveCfg = Release|Any CPU
		{F4BEB033-A085-4E5D-B5BC-BB21F57E3BB6}.Release|Any CPU.Build.0 = Release|Any CPU
		{F4BEB033-A085-4E5D-B5BC-BB21F57E3BB6}.Release|ARM.ActiveCfg = Release|Any CPU
		{F4BEB033-A085-4E5D-B5BC-BB21F57E3BB6}.Release|ARM.Build.0 = Release|Any CPU
		{F4BEB033-A085-4E5D-B5BC-BB21F57E3BB6}.Release|x64.ActiveCfg = Release|Any CPU
		{F4BEB033-A085-4E5D-B5BC-BB21F57E3BB6}.Release|x64.Build.0 = Release|Any CPU
		{F4BEB033-A085-4E5D-B5BC-BB21F57E3BB6}.Release|x86.ActiveCfg = Release|Any CPU
		{F4BEB033-A085-4E5D-B5BC-BB21F57E3BB6}.Release|x86.Build.0 = Release|Any CPU
		{100179E3-3872-4D9E-95E8-CA71D32AA808}.Debug|Any CPU.ActiveCfg = Debug|Any CPU
		{100179E3-3872-4D9E-95E8-CA71D32AA808}.Debug|Any CPU.Build.0 = Debug|Any CPU
		{100179E3-3872-4D9E-95E8-CA71D32AA808}.Debug|ARM.ActiveCfg = Debug|Any CPU
		{100179E3-3872-4D9E-95E8-CA71D32AA808}.Debug|ARM.Build.0 = Debug|Any CPU
		{100179E3-3872-4D9E-95E8-CA71D32AA808}.Debug|x64.ActiveCfg = Debug|Any CPU
		{100179E3-3872-4D9E-95E8-CA71D32AA808}.Debug|x64.Build.0 = Debug|Any CPU
		{100179E3-3872-4D9E-95E8-CA71D32AA808}.Debug|x86.ActiveCfg = Debug|Any CPU
		{100179E3-3872-4D9E-95E8-CA71D32AA808}.Debug|x86.Build.0 = Debug|Any CPU
		{100179E3-3872-4D9E-95E8-CA71D32AA808}.Release|Any CPU.ActiveCfg = Release|Any CPU
		{100179E3-3872-4D9E-95E8-CA71D32AA808}.Release|Any CPU.Build.0 = Release|Any CPU
		{100179E3-3872-4D9E-95E8-CA71D32AA808}.Release|ARM.ActiveCfg = Release|Any CPU
		{100179E3-3872-4D9E-95E8-CA71D32AA808}.Release|ARM.Build.0 = Release|Any CPU
		{100179E3-3872-4D9E-95E8-CA71D32AA808}.Release|x64.ActiveCfg = Release|Any CPU
		{100179E3-3872-4D9E-95E8-CA71D32AA808}.Release|x64.Build.0 = Release|Any CPU
		{100179E3-3872-4D9E-95E8-CA71D32AA808}.Release|x86.ActiveCfg = Release|Any CPU
		{100179E3-3872-4D9E-95E8-CA71D32AA808}.Release|x86.Build.0 = Release|Any CPU
		{7E20A621-AF82-42B6-BB03-B3E3F029969B}.Debug|Any CPU.ActiveCfg = Debug|Any CPU
		{7E20A621-AF82-42B6-BB03-B3E3F029969B}.Debug|Any CPU.Build.0 = Debug|Any CPU
		{7E20A621-AF82-42B6-BB03-B3E3F029969B}.Debug|ARM.ActiveCfg = Debug|Any CPU
		{7E20A621-AF82-42B6-BB03-B3E3F029969B}.Debug|ARM.Build.0 = Debug|Any CPU
		{7E20A621-AF82-42B6-BB03-B3E3F029969B}.Debug|x64.ActiveCfg = Debug|Any CPU
		{7E20A621-AF82-42B6-BB03-B3E3F029969B}.Debug|x64.Build.0 = Debug|Any CPU
		{7E20A621-AF82-42B6-BB03-B3E3F029969B}.Debug|x86.ActiveCfg = Debug|Any CPU
		{7E20A621-AF82-42B6-BB03-B3E3F029969B}.Debug|x86.Build.0 = Debug|Any CPU
		{7E20A621-AF82-42B6-BB03-B3E3F029969B}.Release|Any CPU.ActiveCfg = Release|Any CPU
		{7E20A621-AF82-42B6-BB03-B3E3F029969B}.Release|Any CPU.Build.0 = Release|Any CPU
		{7E20A621-AF82-42B6-BB03-B3E3F029969B}.Release|ARM.ActiveCfg = Release|Any CPU
		{7E20A621-AF82-42B6-BB03-B3E3F029969B}.Release|ARM.Build.0 = Release|Any CPU
		{7E20A621-AF82-42B6-BB03-B3E3F029969B}.Release|x64.ActiveCfg = Release|Any CPU
		{7E20A621-AF82-42B6-BB03-B3E3F029969B}.Release|x64.Build.0 = Release|Any CPU
		{7E20A621-AF82-42B6-BB03-B3E3F029969B}.Release|x86.ActiveCfg = Release|Any CPU
		{7E20A621-AF82-42B6-BB03-B3E3F029969B}.Release|x86.Build.0 = Release|Any CPU
		{F9DA2F44-5525-4F75-AE4B-69E3919782AF}.Debug|Any CPU.ActiveCfg = Debug|Any CPU
		{F9DA2F44-5525-4F75-AE4B-69E3919782AF}.Debug|Any CPU.Build.0 = Debug|Any CPU
		{F9DA2F44-5525-4F75-AE4B-69E3919782AF}.Debug|ARM.ActiveCfg = Debug|Any CPU
		{F9DA2F44-5525-4F75-AE4B-69E3919782AF}.Debug|ARM.Build.0 = Debug|Any CPU
		{F9DA2F44-5525-4F75-AE4B-69E3919782AF}.Debug|x64.ActiveCfg = Debug|Any CPU
		{F9DA2F44-5525-4F75-AE4B-69E3919782AF}.Debug|x64.Build.0 = Debug|Any CPU
		{F9DA2F44-5525-4F75-AE4B-69E3919782AF}.Debug|x86.ActiveCfg = Debug|Any CPU
		{F9DA2F44-5525-4F75-AE4B-69E3919782AF}.Debug|x86.Build.0 = Debug|Any CPU
		{F9DA2F44-5525-4F75-AE4B-69E3919782AF}.Release|Any CPU.ActiveCfg = Release|Any CPU
		{F9DA2F44-5525-4F75-AE4B-69E3919782AF}.Release|Any CPU.Build.0 = Release|Any CPU
		{F9DA2F44-5525-4F75-AE4B-69E3919782AF}.Release|ARM.ActiveCfg = Release|Any CPU
		{F9DA2F44-5525-4F75-AE4B-69E3919782AF}.Release|ARM.Build.0 = Release|Any CPU
		{F9DA2F44-5525-4F75-AE4B-69E3919782AF}.Release|x64.ActiveCfg = Release|Any CPU
		{F9DA2F44-5525-4F75-AE4B-69E3919782AF}.Release|x64.Build.0 = Release|Any CPU
		{F9DA2F44-5525-4F75-AE4B-69E3919782AF}.Release|x86.ActiveCfg = Release|Any CPU
		{F9DA2F44-5525-4F75-AE4B-69E3919782AF}.Release|x86.Build.0 = Release|Any CPU
		{DFFB1CB6-4D70-49FA-B06D-42D3BD0B7AF8}.Debug|Any CPU.ActiveCfg = Debug|Any CPU
		{DFFB1CB6-4D70-49FA-B06D-42D3BD0B7AF8}.Debug|Any CPU.Build.0 = Debug|Any CPU
		{DFFB1CB6-4D70-49FA-B06D-42D3BD0B7AF8}.Debug|ARM.ActiveCfg = Debug|Any CPU
		{DFFB1CB6-4D70-49FA-B06D-42D3BD0B7AF8}.Debug|ARM.Build.0 = Debug|Any CPU
		{DFFB1CB6-4D70-49FA-B06D-42D3BD0B7AF8}.Debug|x64.ActiveCfg = Debug|Any CPU
		{DFFB1CB6-4D70-49FA-B06D-42D3BD0B7AF8}.Debug|x64.Build.0 = Debug|Any CPU
		{DFFB1CB6-4D70-49FA-B06D-42D3BD0B7AF8}.Debug|x86.ActiveCfg = Debug|Any CPU
		{DFFB1CB6-4D70-49FA-B06D-42D3BD0B7AF8}.Debug|x86.Build.0 = Debug|Any CPU
		{DFFB1CB6-4D70-49FA-B06D-42D3BD0B7AF8}.Release|Any CPU.ActiveCfg = Release|Any CPU
		{DFFB1CB6-4D70-49FA-B06D-42D3BD0B7AF8}.Release|Any CPU.Build.0 = Release|Any CPU
		{DFFB1CB6-4D70-49FA-B06D-42D3BD0B7AF8}.Release|ARM.ActiveCfg = Release|Any CPU
		{DFFB1CB6-4D70-49FA-B06D-42D3BD0B7AF8}.Release|ARM.Build.0 = Release|Any CPU
		{DFFB1CB6-4D70-49FA-B06D-42D3BD0B7AF8}.Release|x64.ActiveCfg = Release|Any CPU
		{DFFB1CB6-4D70-49FA-B06D-42D3BD0B7AF8}.Release|x64.Build.0 = Release|Any CPU
		{DFFB1CB6-4D70-49FA-B06D-42D3BD0B7AF8}.Release|x86.ActiveCfg = Release|Any CPU
		{DFFB1CB6-4D70-49FA-B06D-42D3BD0B7AF8}.Release|x86.Build.0 = Release|Any CPU
		{9D71FA6C-76EB-40CD-82A1-25415CE6CBF7}.Debug|Any CPU.ActiveCfg = Debug|Any CPU
		{9D71FA6C-76EB-40CD-82A1-25415CE6CBF7}.Debug|Any CPU.Build.0 = Debug|Any CPU
		{9D71FA6C-76EB-40CD-82A1-25415CE6CBF7}.Debug|ARM.ActiveCfg = Debug|Any CPU
		{9D71FA6C-76EB-40CD-82A1-25415CE6CBF7}.Debug|ARM.Build.0 = Debug|Any CPU
		{9D71FA6C-76EB-40CD-82A1-25415CE6CBF7}.Debug|x64.ActiveCfg = Debug|Any CPU
		{9D71FA6C-76EB-40CD-82A1-25415CE6CBF7}.Debug|x64.Build.0 = Debug|Any CPU
		{9D71FA6C-76EB-40CD-82A1-25415CE6CBF7}.Debug|x86.ActiveCfg = Debug|Any CPU
		{9D71FA6C-76EB-40CD-82A1-25415CE6CBF7}.Debug|x86.Build.0 = Debug|Any CPU
		{9D71FA6C-76EB-40CD-82A1-25415CE6CBF7}.Release|Any CPU.ActiveCfg = Release|Any CPU
		{9D71FA6C-76EB-40CD-82A1-25415CE6CBF7}.Release|Any CPU.Build.0 = Release|Any CPU
		{9D71FA6C-76EB-40CD-82A1-25415CE6CBF7}.Release|ARM.ActiveCfg = Release|Any CPU
		{9D71FA6C-76EB-40CD-82A1-25415CE6CBF7}.Release|ARM.Build.0 = Release|Any CPU
		{9D71FA6C-76EB-40CD-82A1-25415CE6CBF7}.Release|x64.ActiveCfg = Release|Any CPU
		{9D71FA6C-76EB-40CD-82A1-25415CE6CBF7}.Release|x64.Build.0 = Release|Any CPU
		{9D71FA6C-76EB-40CD-82A1-25415CE6CBF7}.Release|x86.ActiveCfg = Release|Any CPU
		{9D71FA6C-76EB-40CD-82A1-25415CE6CBF7}.Release|x86.Build.0 = Release|Any CPU
		{8D31752E-11B5-40D3-B9D7-74F963131391}.Debug|Any CPU.ActiveCfg = Debug|Any CPU
		{8D31752E-11B5-40D3-B9D7-74F963131391}.Debug|Any CPU.Build.0 = Debug|Any CPU
		{8D31752E-11B5-40D3-B9D7-74F963131391}.Debug|ARM.ActiveCfg = Debug|Any CPU
		{8D31752E-11B5-40D3-B9D7-74F963131391}.Debug|ARM.Build.0 = Debug|Any CPU
		{8D31752E-11B5-40D3-B9D7-74F963131391}.Debug|x64.ActiveCfg = Debug|Any CPU
		{8D31752E-11B5-40D3-B9D7-74F963131391}.Debug|x64.Build.0 = Debug|Any CPU
		{8D31752E-11B5-40D3-B9D7-74F963131391}.Debug|x86.ActiveCfg = Debug|Any CPU
		{8D31752E-11B5-40D3-B9D7-74F963131391}.Debug|x86.Build.0 = Debug|Any CPU
		{8D31752E-11B5-40D3-B9D7-74F963131391}.Release|Any CPU.ActiveCfg = Release|Any CPU
		{8D31752E-11B5-40D3-B9D7-74F963131391}.Release|Any CPU.Build.0 = Release|Any CPU
		{8D31752E-11B5-40D3-B9D7-74F963131391}.Release|ARM.ActiveCfg = Release|Any CPU
		{8D31752E-11B5-40D3-B9D7-74F963131391}.Release|ARM.Build.0 = Release|Any CPU
		{8D31752E-11B5-40D3-B9D7-74F963131391}.Release|x64.ActiveCfg = Release|Any CPU
		{8D31752E-11B5-40D3-B9D7-74F963131391}.Release|x64.Build.0 = Release|Any CPU
		{8D31752E-11B5-40D3-B9D7-74F963131391}.Release|x86.ActiveCfg = Release|Any CPU
		{8D31752E-11B5-40D3-B9D7-74F963131391}.Release|x86.Build.0 = Release|Any CPU
		{7FA31657-7D0E-4924-BE6B-61F3743D6116}.Debug|Any CPU.ActiveCfg = Debug|Any CPU
		{7FA31657-7D0E-4924-BE6B-61F3743D6116}.Debug|Any CPU.Build.0 = Debug|Any CPU
		{7FA31657-7D0E-4924-BE6B-61F3743D6116}.Debug|ARM.ActiveCfg = Debug|Any CPU
		{7FA31657-7D0E-4924-BE6B-61F3743D6116}.Debug|ARM.Build.0 = Debug|Any CPU
		{7FA31657-7D0E-4924-BE6B-61F3743D6116}.Debug|x64.ActiveCfg = Debug|Any CPU
		{7FA31657-7D0E-4924-BE6B-61F3743D6116}.Debug|x64.Build.0 = Debug|Any CPU
		{7FA31657-7D0E-4924-BE6B-61F3743D6116}.Debug|x86.ActiveCfg = Debug|Any CPU
		{7FA31657-7D0E-4924-BE6B-61F3743D6116}.Debug|x86.Build.0 = Debug|Any CPU
		{7FA31657-7D0E-4924-BE6B-61F3743D6116}.Release|Any CPU.ActiveCfg = Release|Any CPU
		{7FA31657-7D0E-4924-BE6B-61F3743D6116}.Release|Any CPU.Build.0 = Release|Any CPU
		{7FA31657-7D0E-4924-BE6B-61F3743D6116}.Release|ARM.ActiveCfg = Release|Any CPU
		{7FA31657-7D0E-4924-BE6B-61F3743D6116}.Release|ARM.Build.0 = Release|Any CPU
		{7FA31657-7D0E-4924-BE6B-61F3743D6116}.Release|x64.ActiveCfg = Release|Any CPU
		{7FA31657-7D0E-4924-BE6B-61F3743D6116}.Release|x64.Build.0 = Release|Any CPU
		{7FA31657-7D0E-4924-BE6B-61F3743D6116}.Release|x86.ActiveCfg = Release|Any CPU
		{7FA31657-7D0E-4924-BE6B-61F3743D6116}.Release|x86.Build.0 = Release|Any CPU
		{0A06EE55-328F-49C4-A99F-609754A40998}.Debug|Any CPU.ActiveCfg = Debug|Any CPU
		{0A06EE55-328F-49C4-A99F-609754A40998}.Debug|Any CPU.Build.0 = Debug|Any CPU
		{0A06EE55-328F-49C4-A99F-609754A40998}.Debug|ARM.ActiveCfg = Debug|Any CPU
		{0A06EE55-328F-49C4-A99F-609754A40998}.Debug|ARM.Build.0 = Debug|Any CPU
		{0A06EE55-328F-49C4-A99F-609754A40998}.Debug|x64.ActiveCfg = Debug|Any CPU
		{0A06EE55-328F-49C4-A99F-609754A40998}.Debug|x64.Build.0 = Debug|Any CPU
		{0A06EE55-328F-49C4-A99F-609754A40998}.Debug|x86.ActiveCfg = Debug|Any CPU
		{0A06EE55-328F-49C4-A99F-609754A40998}.Debug|x86.Build.0 = Debug|Any CPU
		{0A06EE55-328F-49C4-A99F-609754A40998}.Release|Any CPU.ActiveCfg = Release|Any CPU
		{0A06EE55-328F-49C4-A99F-609754A40998}.Release|Any CPU.Build.0 = Release|Any CPU
		{0A06EE55-328F-49C4-A99F-609754A40998}.Release|ARM.ActiveCfg = Release|Any CPU
		{0A06EE55-328F-49C4-A99F-609754A40998}.Release|ARM.Build.0 = Release|Any CPU
		{0A06EE55-328F-49C4-A99F-609754A40998}.Release|x64.ActiveCfg = Release|Any CPU
		{0A06EE55-328F-49C4-A99F-609754A40998}.Release|x64.Build.0 = Release|Any CPU
		{0A06EE55-328F-49C4-A99F-609754A40998}.Release|x86.ActiveCfg = Release|Any CPU
		{0A06EE55-328F-49C4-A99F-609754A40998}.Release|x86.Build.0 = Release|Any CPU
		{D80784DE-A653-4C28-8A99-997D158F2B4D}.Debug|Any CPU.ActiveCfg = Debug|Any CPU
		{D80784DE-A653-4C28-8A99-997D158F2B4D}.Debug|Any CPU.Build.0 = Debug|Any CPU
		{D80784DE-A653-4C28-8A99-997D158F2B4D}.Debug|ARM.ActiveCfg = Debug|Any CPU
		{D80784DE-A653-4C28-8A99-997D158F2B4D}.Debug|ARM.Build.0 = Debug|Any CPU
		{D80784DE-A653-4C28-8A99-997D158F2B4D}.Debug|x64.ActiveCfg = Debug|Any CPU
		{D80784DE-A653-4C28-8A99-997D158F2B4D}.Debug|x64.Build.0 = Debug|Any CPU
		{D80784DE-A653-4C28-8A99-997D158F2B4D}.Debug|x86.ActiveCfg = Debug|Any CPU
		{D80784DE-A653-4C28-8A99-997D158F2B4D}.Debug|x86.Build.0 = Debug|Any CPU
		{D80784DE-A653-4C28-8A99-997D158F2B4D}.Release|Any CPU.ActiveCfg = Release|Any CPU
		{D80784DE-A653-4C28-8A99-997D158F2B4D}.Release|Any CPU.Build.0 = Release|Any CPU
		{D80784DE-A653-4C28-8A99-997D158F2B4D}.Release|ARM.ActiveCfg = Release|Any CPU
		{D80784DE-A653-4C28-8A99-997D158F2B4D}.Release|ARM.Build.0 = Release|Any CPU
		{D80784DE-A653-4C28-8A99-997D158F2B4D}.Release|x64.ActiveCfg = Release|Any CPU
		{D80784DE-A653-4C28-8A99-997D158F2B4D}.Release|x64.Build.0 = Release|Any CPU
		{D80784DE-A653-4C28-8A99-997D158F2B4D}.Release|x86.ActiveCfg = Release|Any CPU
		{D80784DE-A653-4C28-8A99-997D158F2B4D}.Release|x86.Build.0 = Release|Any CPU
		{C14558AD-9D69-4D05-8B51-2270D5E3F75E}.Debug|Any CPU.ActiveCfg = Debug|Any CPU
		{C14558AD-9D69-4D05-8B51-2270D5E3F75E}.Debug|Any CPU.Build.0 = Debug|Any CPU
		{C14558AD-9D69-4D05-8B51-2270D5E3F75E}.Debug|ARM.ActiveCfg = Debug|Any CPU
		{C14558AD-9D69-4D05-8B51-2270D5E3F75E}.Debug|ARM.Build.0 = Debug|Any CPU
		{C14558AD-9D69-4D05-8B51-2270D5E3F75E}.Debug|x64.ActiveCfg = Debug|Any CPU
		{C14558AD-9D69-4D05-8B51-2270D5E3F75E}.Debug|x64.Build.0 = Debug|Any CPU
		{C14558AD-9D69-4D05-8B51-2270D5E3F75E}.Debug|x86.ActiveCfg = Debug|Any CPU
		{C14558AD-9D69-4D05-8B51-2270D5E3F75E}.Debug|x86.Build.0 = Debug|Any CPU
		{C14558AD-9D69-4D05-8B51-2270D5E3F75E}.Release|Any CPU.ActiveCfg = Release|Any CPU
		{C14558AD-9D69-4D05-8B51-2270D5E3F75E}.Release|Any CPU.Build.0 = Release|Any CPU
		{C14558AD-9D69-4D05-8B51-2270D5E3F75E}.Release|ARM.ActiveCfg = Release|Any CPU
		{C14558AD-9D69-4D05-8B51-2270D5E3F75E}.Release|ARM.Build.0 = Release|Any CPU
		{C14558AD-9D69-4D05-8B51-2270D5E3F75E}.Release|x64.ActiveCfg = Release|Any CPU
		{C14558AD-9D69-4D05-8B51-2270D5E3F75E}.Release|x64.Build.0 = Release|Any CPU
		{C14558AD-9D69-4D05-8B51-2270D5E3F75E}.Release|x86.ActiveCfg = Release|Any CPU
		{C14558AD-9D69-4D05-8B51-2270D5E3F75E}.Release|x86.Build.0 = Release|Any CPU
		{BF8B892B-7CDF-4AE5-AB93-23912593B76E}.Debug|Any CPU.ActiveCfg = Debug|Any CPU
		{BF8B892B-7CDF-4AE5-AB93-23912593B76E}.Debug|Any CPU.Build.0 = Debug|Any CPU
		{BF8B892B-7CDF-4AE5-AB93-23912593B76E}.Debug|ARM.ActiveCfg = Debug|Any CPU
		{BF8B892B-7CDF-4AE5-AB93-23912593B76E}.Debug|ARM.Build.0 = Debug|Any CPU
		{BF8B892B-7CDF-4AE5-AB93-23912593B76E}.Debug|x64.ActiveCfg = Debug|Any CPU
		{BF8B892B-7CDF-4AE5-AB93-23912593B76E}.Debug|x64.Build.0 = Debug|Any CPU
		{BF8B892B-7CDF-4AE5-AB93-23912593B76E}.Debug|x86.ActiveCfg = Debug|Any CPU
		{BF8B892B-7CDF-4AE5-AB93-23912593B76E}.Debug|x86.Build.0 = Debug|Any CPU
		{BF8B892B-7CDF-4AE5-AB93-23912593B76E}.Release|Any CPU.ActiveCfg = Release|Any CPU
		{BF8B892B-7CDF-4AE5-AB93-23912593B76E}.Release|Any CPU.Build.0 = Release|Any CPU
		{BF8B892B-7CDF-4AE5-AB93-23912593B76E}.Release|ARM.ActiveCfg = Release|Any CPU
		{BF8B892B-7CDF-4AE5-AB93-23912593B76E}.Release|ARM.Build.0 = Release|Any CPU
		{BF8B892B-7CDF-4AE5-AB93-23912593B76E}.Release|x64.ActiveCfg = Release|Any CPU
		{BF8B892B-7CDF-4AE5-AB93-23912593B76E}.Release|x64.Build.0 = Release|Any CPU
		{BF8B892B-7CDF-4AE5-AB93-23912593B76E}.Release|x86.ActiveCfg = Release|Any CPU
		{BF8B892B-7CDF-4AE5-AB93-23912593B76E}.Release|x86.Build.0 = Release|Any CPU
		{B02A88B4-A488-436B-A9E3-45C5AF0AEA45}.Debug|Any CPU.ActiveCfg = Debug|Any CPU
		{B02A88B4-A488-436B-A9E3-45C5AF0AEA45}.Debug|Any CPU.Build.0 = Debug|Any CPU
		{B02A88B4-A488-436B-A9E3-45C5AF0AEA45}.Debug|ARM.ActiveCfg = Debug|Any CPU
		{B02A88B4-A488-436B-A9E3-45C5AF0AEA45}.Debug|ARM.Build.0 = Debug|Any CPU
		{B02A88B4-A488-436B-A9E3-45C5AF0AEA45}.Debug|x64.ActiveCfg = Debug|Any CPU
		{B02A88B4-A488-436B-A9E3-45C5AF0AEA45}.Debug|x64.Build.0 = Debug|Any CPU
		{B02A88B4-A488-436B-A9E3-45C5AF0AEA45}.Debug|x86.ActiveCfg = Debug|Any CPU
		{B02A88B4-A488-436B-A9E3-45C5AF0AEA45}.Debug|x86.Build.0 = Debug|Any CPU
		{B02A88B4-A488-436B-A9E3-45C5AF0AEA45}.Release|Any CPU.ActiveCfg = Release|Any CPU
		{B02A88B4-A488-436B-A9E3-45C5AF0AEA45}.Release|Any CPU.Build.0 = Release|Any CPU
		{B02A88B4-A488-436B-A9E3-45C5AF0AEA45}.Release|ARM.ActiveCfg = Release|Any CPU
		{B02A88B4-A488-436B-A9E3-45C5AF0AEA45}.Release|ARM.Build.0 = Release|Any CPU
		{B02A88B4-A488-436B-A9E3-45C5AF0AEA45}.Release|x64.ActiveCfg = Release|Any CPU
		{B02A88B4-A488-436B-A9E3-45C5AF0AEA45}.Release|x64.Build.0 = Release|Any CPU
		{B02A88B4-A488-436B-A9E3-45C5AF0AEA45}.Release|x86.ActiveCfg = Release|Any CPU
		{B02A88B4-A488-436B-A9E3-45C5AF0AEA45}.Release|x86.Build.0 = Release|Any CPU
		{DA61317C-5209-43CF-A70F-F41256A17D5E}.Debug|Any CPU.ActiveCfg = Debug|Any CPU
		{DA61317C-5209-43CF-A70F-F41256A17D5E}.Debug|Any CPU.Build.0 = Debug|Any CPU
		{DA61317C-5209-43CF-A70F-F41256A17D5E}.Debug|ARM.ActiveCfg = Debug|Any CPU
		{DA61317C-5209-43CF-A70F-F41256A17D5E}.Debug|ARM.Build.0 = Debug|Any CPU
		{DA61317C-5209-43CF-A70F-F41256A17D5E}.Debug|x64.ActiveCfg = Debug|Any CPU
		{DA61317C-5209-43CF-A70F-F41256A17D5E}.Debug|x64.Build.0 = Debug|Any CPU
		{DA61317C-5209-43CF-A70F-F41256A17D5E}.Debug|x86.ActiveCfg = Debug|Any CPU
		{DA61317C-5209-43CF-A70F-F41256A17D5E}.Debug|x86.Build.0 = Debug|Any CPU
		{DA61317C-5209-43CF-A70F-F41256A17D5E}.Release|Any CPU.ActiveCfg = Release|Any CPU
		{DA61317C-5209-43CF-A70F-F41256A17D5E}.Release|Any CPU.Build.0 = Release|Any CPU
		{DA61317C-5209-43CF-A70F-F41256A17D5E}.Release|ARM.ActiveCfg = Release|Any CPU
		{DA61317C-5209-43CF-A70F-F41256A17D5E}.Release|ARM.Build.0 = Release|Any CPU
		{DA61317C-5209-43CF-A70F-F41256A17D5E}.Release|x64.ActiveCfg = Release|Any CPU
		{DA61317C-5209-43CF-A70F-F41256A17D5E}.Release|x64.Build.0 = Release|Any CPU
		{DA61317C-5209-43CF-A70F-F41256A17D5E}.Release|x86.ActiveCfg = Release|Any CPU
		{DA61317C-5209-43CF-A70F-F41256A17D5E}.Release|x86.Build.0 = Release|Any CPU
		{2B54BC5C-B0DF-41E9-90B4-F12F25866D6D}.Debug|Any CPU.ActiveCfg = Debug|Any CPU
		{2B54BC5C-B0DF-41E9-90B4-F12F25866D6D}.Debug|Any CPU.Build.0 = Debug|Any CPU
		{2B54BC5C-B0DF-41E9-90B4-F12F25866D6D}.Debug|ARM.ActiveCfg = Debug|Any CPU
		{2B54BC5C-B0DF-41E9-90B4-F12F25866D6D}.Debug|ARM.Build.0 = Debug|Any CPU
		{2B54BC5C-B0DF-41E9-90B4-F12F25866D6D}.Debug|x64.ActiveCfg = Debug|Any CPU
		{2B54BC5C-B0DF-41E9-90B4-F12F25866D6D}.Debug|x64.Build.0 = Debug|Any CPU
		{2B54BC5C-B0DF-41E9-90B4-F12F25866D6D}.Debug|x86.ActiveCfg = Debug|Any CPU
		{2B54BC5C-B0DF-41E9-90B4-F12F25866D6D}.Debug|x86.Build.0 = Debug|Any CPU
		{2B54BC5C-B0DF-41E9-90B4-F12F25866D6D}.Release|Any CPU.ActiveCfg = Release|Any CPU
		{2B54BC5C-B0DF-41E9-90B4-F12F25866D6D}.Release|Any CPU.Build.0 = Release|Any CPU
		{2B54BC5C-B0DF-41E9-90B4-F12F25866D6D}.Release|ARM.ActiveCfg = Release|Any CPU
		{2B54BC5C-B0DF-41E9-90B4-F12F25866D6D}.Release|ARM.Build.0 = Release|Any CPU
		{2B54BC5C-B0DF-41E9-90B4-F12F25866D6D}.Release|x64.ActiveCfg = Release|Any CPU
		{2B54BC5C-B0DF-41E9-90B4-F12F25866D6D}.Release|x64.Build.0 = Release|Any CPU
		{2B54BC5C-B0DF-41E9-90B4-F12F25866D6D}.Release|x86.ActiveCfg = Release|Any CPU
		{2B54BC5C-B0DF-41E9-90B4-F12F25866D6D}.Release|x86.Build.0 = Release|Any CPU
		{72EADF27-1281-4754-81FE-D0249558C754}.Debug|Any CPU.ActiveCfg = Debug|Any CPU
		{72EADF27-1281-4754-81FE-D0249558C754}.Debug|Any CPU.Build.0 = Debug|Any CPU
		{72EADF27-1281-4754-81FE-D0249558C754}.Debug|ARM.ActiveCfg = Debug|Any CPU
		{72EADF27-1281-4754-81FE-D0249558C754}.Debug|ARM.Build.0 = Debug|Any CPU
		{72EADF27-1281-4754-81FE-D0249558C754}.Debug|x64.ActiveCfg = Debug|Any CPU
		{72EADF27-1281-4754-81FE-D0249558C754}.Debug|x64.Build.0 = Debug|Any CPU
		{72EADF27-1281-4754-81FE-D0249558C754}.Debug|x86.ActiveCfg = Debug|Any CPU
		{72EADF27-1281-4754-81FE-D0249558C754}.Debug|x86.Build.0 = Debug|Any CPU
		{72EADF27-1281-4754-81FE-D0249558C754}.Release|Any CPU.ActiveCfg = Release|Any CPU
		{72EADF27-1281-4754-81FE-D0249558C754}.Release|Any CPU.Build.0 = Release|Any CPU
		{72EADF27-1281-4754-81FE-D0249558C754}.Release|ARM.ActiveCfg = Release|Any CPU
		{72EADF27-1281-4754-81FE-D0249558C754}.Release|ARM.Build.0 = Release|Any CPU
		{72EADF27-1281-4754-81FE-D0249558C754}.Release|x64.ActiveCfg = Release|Any CPU
		{72EADF27-1281-4754-81FE-D0249558C754}.Release|x64.Build.0 = Release|Any CPU
		{72EADF27-1281-4754-81FE-D0249558C754}.Release|x86.ActiveCfg = Release|Any CPU
		{72EADF27-1281-4754-81FE-D0249558C754}.Release|x86.Build.0 = Release|Any CPU
	EndGlobalSection
	GlobalSection(SolutionProperties) = preSolution
		HideSolutionNode = FALSE
	EndGlobalSection
EndGlobal
