
Microsoft Visual Studio Solution File, Format Version 12.00
# Visual Studio 14
VisualStudioVersion = 14.0.23107.0
MinimumVisualStudioVersion = 10.0.40219.1
Project("{FAE04EC0-301F-11D3-BF4B-00C04F79EFBC}") = "Beaker.Core", "Beaker.Core\Beaker.Core.csproj", "{065FF225-B832-4A42-9C0D-2DF7CAE4FEF6}"
EndProject
Project("{FAE04EC0-301F-11D3-BF4B-00C04F79EFBC}") = "Beaker.Core.Test", "..\Beaker.Core.Test\Beaker.Core.Test\Beaker.Core.Test.csproj", "{A8471435-A352-483E-AF5C-CFBB5B261A4B}"
EndProject
Global
	GlobalSection(SolutionConfigurationPlatforms) = preSolution
		Debug|Any CPU = Debug|Any CPU
		Release|Any CPU = Release|Any CPU
	EndGlobalSection
	GlobalSection(ProjectConfigurationPlatforms) = postSolution
		{065FF225-B832-4A42-9C0D-2DF7CAE4FEF6}.Debug|Any CPU.ActiveCfg = Debug|Any CPU
		{065FF225-B832-4A42-9C0D-2DF7CAE4FEF6}.Debug|Any CPU.Build.0 = Debug|Any CPU
		{065FF225-B832-4A42-9C0D-2DF7CAE4FEF6}.Release|Any CPU.ActiveCfg = Release|Any CPU
		{065FF225-B832-4A42-9C0D-2DF7CAE4FEF6}.Release|Any CPU.Build.0 = Release|Any CPU
		{A8471435-A352-483E-AF5C-CFBB5B261A4B}.Debug|Any CPU.ActiveCfg = Debug|Any CPU
		{A8471435-A352-483E-AF5C-CFBB5B261A4B}.Debug|Any CPU.Build.0 = Debug|Any CPU
		{A8471435-A352-483E-AF5C-CFBB5B261A4B}.Release|Any CPU.ActiveCfg = Release|Any CPU
		{A8471435-A352-483E-AF5C-CFBB5B261A4B}.Release|Any CPU.Build.0 = Release|Any CPU
	EndGlobalSection
	GlobalSection(SolutionProperties) = preSolution
		HideSolutionNode = FALSE
	EndGlobalSection
EndGlobal
